
Microsoft Visual Studio Solution File, Format Version 12.00
# Visual Studio Version 17
VisualStudioVersion = 17.5.33530.505
MinimumVisualStudioVersion = 10.0.40219.1
Project("{9A19103F-16F7-4668-BE54-9A1E7A4F7556}") = "BlazorEcommerce.Server", "BlazorEcommerce\Server\BlazorEcommerce.Server.csproj", "{DF636CB9-A63A-4096-A6A8-8CA8647CB57D}"
EndProject
Project("{9A19103F-16F7-4668-BE54-9A1E7A4F7556}") = "BlazorEcommerce.Client", "BlazorEcommerce\Client\BlazorEcommerce.Client.csproj", "{DC3B7EDF-C72F-42E6-803C-408C74240B5C}"
EndProject
Project("{9A19103F-16F7-4668-BE54-9A1E7A4F7556}") = "BlazorEcommerce.Shared", "BlazorEcommerce\Shared\BlazorEcommerce.Shared.csproj", "{CD83933A-4E15-47EB-8B1B-F2DB5853C751}"
EndProject
Global
	GlobalSection(SolutionConfigurationPlatforms) = preSolution
		Debug|Any CPU = Debug|Any CPU
		Release|Any CPU = Release|Any CPU
	EndGlobalSection
	GlobalSection(ProjectConfigurationPlatforms) = postSolution
		{DF636CB9-A63A-4096-A6A8-8CA8647CB57D}.Debug|Any CPU.ActiveCfg = Debug|Any CPU
		{DF636CB9-A63A-4096-A6A8-8CA8647CB57D}.Debug|Any CPU.Build.0 = Debug|Any CPU
		{DF636CB9-A63A-4096-A6A8-8CA8647CB57D}.Release|Any CPU.ActiveCfg = Release|Any CPU
		{DF636CB9-A63A-4096-A6A8-8CA8647CB57D}.Release|Any CPU.Build.0 = Release|Any CPU
		{DC3B7EDF-C72F-42E6-803C-408C74240B5C}.Debug|Any CPU.ActiveCfg = Debug|Any CPU
		{DC3B7EDF-C72F-42E6-803C-408C74240B5C}.Debug|Any CPU.Build.0 = Debug|Any CPU
		{DC3B7EDF-C72F-42E6-803C-408C74240B5C}.Release|Any CPU.ActiveCfg = Release|Any CPU
		{DC3B7EDF-C72F-42E6-803C-408C74240B5C}.Release|Any CPU.Build.0 = Release|Any CPU
		{CD83933A-4E15-47EB-8B1B-F2DB5853C751}.Debug|Any CPU.ActiveCfg = Debug|Any CPU
		{CD83933A-4E15-47EB-8B1B-F2DB5853C751}.Debug|Any CPU.Build.0 = Debug|Any CPU
		{CD83933A-4E15-47EB-8B1B-F2DB5853C751}.Release|Any CPU.ActiveCfg = Release|Any CPU
		{CD83933A-4E15-47EB-8B1B-F2DB5853C751}.Release|Any CPU.Build.0 = Release|Any CPU
	EndGlobalSection
	GlobalSection(SolutionProperties) = preSolution
		HideSolutionNode = FALSE
	EndGlobalSection
	GlobalSection(ExtensibilityGlobals) = postSolution
		SolutionGuid = {E27342C6-805C-4248-9C98-8D26DBB4B095}
	EndGlobalSection
EndGlobal
